
Microsoft Visual Studio Solution File, Format Version 12.00
# Visual Studio Version 17
VisualStudioVersion = 17.7.34009.444
MinimumVisualStudioVersion = 10.0.40219.1
Project("{9A19103F-16F7-4668-BE54-9A1E7A4F7556}") = "SmartApp", "SmartApp\SmartApp.csproj", "{82962F34-FC7A-4BDB-BF47-561764A04887}"
EndProject
Project("{FAE04EC0-301F-11D3-BF4B-00C04F79EFBC}") = "DataAccess", "DataAccess\DataAccess.csproj", "{D80DA42E-6293-4379-A911-AD0B47CCFBEC}"
EndProject
Project("{FAE04EC0-301F-11D3-BF4B-00C04F79EFBC}") = "AzureFunctions", "AzureFunctions\AzureFunctions.csproj", "{A5CB438A-0101-44B3-BD54-67D4BAB85B62}"
EndProject
Project("{FAE04EC0-301F-11D3-BF4B-00C04F79EFBC}") = "Device.Fan", "Device.Fan\Device.Fan.csproj", "{A0487981-0B8B-4A4C-BBB0-C056E6CD1141}"
EndProject
Global
	GlobalSection(SolutionConfigurationPlatforms) = preSolution
		Debug|Any CPU = Debug|Any CPU
		Release|Any CPU = Release|Any CPU
	EndGlobalSection
	GlobalSection(ProjectConfigurationPlatforms) = postSolution
		{82962F34-FC7A-4BDB-BF47-561764A04887}.Debug|Any CPU.ActiveCfg = Debug|Any CPU
		{82962F34-FC7A-4BDB-BF47-561764A04887}.Debug|Any CPU.Build.0 = Debug|Any CPU
		{82962F34-FC7A-4BDB-BF47-561764A04887}.Release|Any CPU.ActiveCfg = Release|Any CPU
		{82962F34-FC7A-4BDB-BF47-561764A04887}.Release|Any CPU.Build.0 = Release|Any CPU
		{D80DA42E-6293-4379-A911-AD0B47CCFBEC}.Debug|Any CPU.ActiveCfg = Debug|Any CPU
		{D80DA42E-6293-4379-A911-AD0B47CCFBEC}.Debug|Any CPU.Build.0 = Debug|Any CPU
		{D80DA42E-6293-4379-A911-AD0B47CCFBEC}.Release|Any CPU.ActiveCfg = Release|Any CPU
		{D80DA42E-6293-4379-A911-AD0B47CCFBEC}.Release|Any CPU.Build.0 = Release|Any CPU
		{A5CB438A-0101-44B3-BD54-67D4BAB85B62}.Debug|Any CPU.ActiveCfg = Debug|Any CPU
		{A5CB438A-0101-44B3-BD54-67D4BAB85B62}.Debug|Any CPU.Build.0 = Debug|Any CPU
		{A5CB438A-0101-44B3-BD54-67D4BAB85B62}.Release|Any CPU.ActiveCfg = Release|Any CPU
		{A5CB438A-0101-44B3-BD54-67D4BAB85B62}.Release|Any CPU.Build.0 = Release|Any CPU
		{A0487981-0B8B-4A4C-BBB0-C056E6CD1141}.Debug|Any CPU.ActiveCfg = Debug|Any CPU
		{A0487981-0B8B-4A4C-BBB0-C056E6CD1141}.Debug|Any CPU.Build.0 = Debug|Any CPU
		{A0487981-0B8B-4A4C-BBB0-C056E6CD1141}.Release|Any CPU.ActiveCfg = Release|Any CPU
		{A0487981-0B8B-4A4C-BBB0-C056E6CD1141}.Release|Any CPU.Build.0 = Release|Any CPU
	EndGlobalSection
	GlobalSection(SolutionProperties) = preSolution
		HideSolutionNode = FALSE
	EndGlobalSection
	GlobalSection(ExtensibilityGlobals) = postSolution
		SolutionGuid = {68A7997B-E18E-4157-9AD1-3EAB8EE1278C}
	EndGlobalSection
EndGlobal
